
Microsoft Visual Studio Solution File, Format Version 12.00
# Visual Studio 15
VisualStudioVersion = 15.0.28307.421
MinimumVisualStudioVersion = 10.0.40219.1
Project("{FAE04EC0-301F-11D3-BF4B-00C04F79EFBC}") = "Proyecto.Web", "Proyecto.Web\Proyecto.Web.csproj", "{AC7F09B5-7FDB-4C23-93B5-7815CAA3ED3D}"
EndProject
Project("{FAE04EC0-301F-11D3-BF4B-00C04F79EFBC}") = "Proyecto.Logica", "Proyecto.Logica\Proyecto.Logica.csproj", "{F8531D49-F8BD-4ADB-B2F3-59ED0920B19E}"
EndProject
Project("{FAE04EC0-301F-11D3-BF4B-00C04F79EFBC}") = "Proyecto.Ws", "Proyecto.Ws\Proyecto.Ws.csproj", "{03D9DAEE-C455-4C5F-A726-A9D38BB7F566}"
EndProject
Project("{FAE04EC0-301F-11D3-BF4B-00C04F79EFBC}") = "Proyecto.Test", "Proyecto.Test\Proyecto.Test.csproj", "{4326BC0D-4634-48EA-8044-0525B3AE128D}"
EndProject
Global
	GlobalSection(SolutionConfigurationPlatforms) = preSolution
		Debug|Any CPU = Debug|Any CPU
		Release|Any CPU = Release|Any CPU
	EndGlobalSection
	GlobalSection(ProjectConfigurationPlatforms) = postSolution
		{AC7F09B5-7FDB-4C23-93B5-7815CAA3ED3D}.Debug|Any CPU.ActiveCfg = Debug|Any CPU
		{AC7F09B5-7FDB-4C23-93B5-7815CAA3ED3D}.Debug|Any CPU.Build.0 = Debug|Any CPU
		{AC7F09B5-7FDB-4C23-93B5-7815CAA3ED3D}.Release|Any CPU.ActiveCfg = Release|Any CPU
		{AC7F09B5-7FDB-4C23-93B5-7815CAA3ED3D}.Release|Any CPU.Build.0 = Release|Any CPU
		{F8531D49-F8BD-4ADB-B2F3-59ED0920B19E}.Debug|Any CPU.ActiveCfg = Debug|Any CPU
		{F8531D49-F8BD-4ADB-B2F3-59ED0920B19E}.Debug|Any CPU.Build.0 = Debug|Any CPU
		{F8531D49-F8BD-4ADB-B2F3-59ED0920B19E}.Release|Any CPU.ActiveCfg = Release|Any CPU
		{F8531D49-F8BD-4ADB-B2F3-59ED0920B19E}.Release|Any CPU.Build.0 = Release|Any CPU
		{03D9DAEE-C455-4C5F-A726-A9D38BB7F566}.Debug|Any CPU.ActiveCfg = Debug|Any CPU
		{03D9DAEE-C455-4C5F-A726-A9D38BB7F566}.Debug|Any CPU.Build.0 = Debug|Any CPU
		{03D9DAEE-C455-4C5F-A726-A9D38BB7F566}.Release|Any CPU.ActiveCfg = Release|Any CPU
		{03D9DAEE-C455-4C5F-A726-A9D38BB7F566}.Release|Any CPU.Build.0 = Release|Any CPU
		{4326BC0D-4634-48EA-8044-0525B3AE128D}.Debug|Any CPU.ActiveCfg = Debug|Any CPU
		{4326BC0D-4634-48EA-8044-0525B3AE128D}.Debug|Any CPU.Build.0 = Debug|Any CPU
		{4326BC0D-4634-48EA-8044-0525B3AE128D}.Release|Any CPU.ActiveCfg = Release|Any CPU
		{4326BC0D-4634-48EA-8044-0525B3AE128D}.Release|Any CPU.Build.0 = Release|Any CPU
	EndGlobalSection
	GlobalSection(SolutionProperties) = preSolution
		HideSolutionNode = FALSE
	EndGlobalSection
	GlobalSection(ExtensibilityGlobals) = postSolution
		SolutionGuid = {770EB95F-98F6-4FEC-BAED-9FA3464C2D94}
	EndGlobalSection
EndGlobal
